
Microsoft Visual Studio Solution File, Format Version 12.00
# Visual Studio 15
VisualStudioVersion = 15.0.27130.2010
MinimumVisualStudioVersion = 10.0.40219.1
Project("{FAE04EC0-301F-11D3-BF4B-00C04F79EFBC}") = "DataBaseSourceControlText", "DataBaseSourceControlText\DataBaseSourceControlText.csproj", "{F7F7ECF7-E248-49C2-B9D0-9849422C2F48}"
EndProject
Project("{00D1A9C2-B5F0-4AF3-8072-F6C62B433612}") = "DataBaseSourceControlTest", "DataBaseSourceControlTest\DataBaseSourceControlTest.sqlproj", "{9276F0C9-EAA3-4FD6-84A3-24EF6AA73177}"
EndProject
Global
	GlobalSection(SolutionConfigurationPlatforms) = preSolution
		Debug|Any CPU = Debug|Any CPU
		Release|Any CPU = Release|Any CPU
	EndGlobalSection
	GlobalSection(ProjectConfigurationPlatforms) = postSolution
		{F7F7ECF7-E248-49C2-B9D0-9849422C2F48}.Debug|Any CPU.ActiveCfg = Debug|Any CPU
		{F7F7ECF7-E248-49C2-B9D0-9849422C2F48}.Debug|Any CPU.Build.0 = Debug|Any CPU
		{F7F7ECF7-E248-49C2-B9D0-9849422C2F48}.Release|Any CPU.ActiveCfg = Release|Any CPU
		{F7F7ECF7-E248-49C2-B9D0-9849422C2F48}.Release|Any CPU.Build.0 = Release|Any CPU
		{9276F0C9-EAA3-4FD6-84A3-24EF6AA73177}.Debug|Any CPU.ActiveCfg = Debug|Any CPU
		{9276F0C9-EAA3-4FD6-84A3-24EF6AA73177}.Debug|Any CPU.Build.0 = Debug|Any CPU
		{9276F0C9-EAA3-4FD6-84A3-24EF6AA73177}.Debug|Any CPU.Deploy.0 = Debug|Any CPU
		{9276F0C9-EAA3-4FD6-84A3-24EF6AA73177}.Release|Any CPU.ActiveCfg = Release|Any CPU
		{9276F0C9-EAA3-4FD6-84A3-24EF6AA73177}.Release|Any CPU.Build.0 = Release|Any CPU
		{9276F0C9-EAA3-4FD6-84A3-24EF6AA73177}.Release|Any CPU.Deploy.0 = Release|Any CPU
	EndGlobalSection
	GlobalSection(SolutionProperties) = preSolution
		HideSolutionNode = FALSE
	EndGlobalSection
	GlobalSection(ExtensibilityGlobals) = postSolution
		SolutionGuid = {C148CF41-B998-469C-A473-0B079195BFE6}
	EndGlobalSection
EndGlobal
